
Microsoft Visual Studio Solution File, Format Version 12.00
# Visual Studio Version 16
VisualStudioVersion = 16.0.33927.289
MinimumVisualStudioVersion = 10.0.40219.1
Project("{9A19103F-16F7-4668-BE54-9A1E7A4F7556}") = "Day15", "Day15\Day15.csproj", "{BC0D0666-E380-4498-A346-76084E574FF9}"
EndProject
Project("{9A19103F-16F7-4668-BE54-9A1E7A4F7556}") = "Day16", "Day16\Day16.csproj", "{AE6B2DC6-0FE9-46C2-9A52-AF9951989266}"
EndProject
Project("{9A19103F-16F7-4668-BE54-9A1E7A4F7556}") = "Day17", "Day17\Day17.csproj", "{85CABE8C-1992-4AA3-AA5A-FC418DEEFFAD}"
EndProject
Project("{9A19103F-16F7-4668-BE54-9A1E7A4F7556}") = "Day18", "Day18\Day18.csproj", "{E19257A2-5CF4-4551-ADC3-1F618F4E59CB}"
EndProject
Project("{9A19103F-16F7-4668-BE54-9A1E7A4F7556}") = "Day19", "Day19\Day19.csproj", "{1751B4F8-4F07-47BF-B855-FFD9E7F1151B}"
EndProject
Project("{9A19103F-16F7-4668-BE54-9A1E7A4F7556}") = "Day20", "Day20\Day20.csproj", "{63E6AE6C-8C5D-4BF7-867C-F9DF940BF653}"
EndProject
Project("{9A19103F-16F7-4668-BE54-9A1E7A4F7556}") = "Day21", "Day21\Day21.csproj", "{75069987-60E2-43DD-A276-068984AE7511}"
EndProject
Project("{9A19103F-16F7-4668-BE54-9A1E7A4F7556}") = "Day22", "Day22\Day22.csproj", "{80273563-539C-4166-B5EE-70A4E64BBD88}"
EndProject
Project("{9A19103F-16F7-4668-BE54-9A1E7A4F7556}") = "Day24", "Day24\Day24.csproj", "{8E91B749-5177-4A83-B5D9-DA1D2832A31A}"
EndProject
Project("{9A19103F-16F7-4668-BE54-9A1E7A4F7556}") = "Day25", "Day25\Day25.csproj", "{764AD7B4-AE05-4962-BE30-39B2FECF53FD}"
EndProject
Project("{9A19103F-16F7-4668-BE54-9A1E7A4F7556}") = "Day23", "Day23\Day23.csproj", "{7665CE90-0B43-4D71-86A7-2A631A2AD792}"
EndProject
Project("{9A19103F-16F7-4668-BE54-9A1E7A4F7556}") = "Day01", "Day01\Day01.csproj", "{5FF6607C-ADD9-443A-B893-CBDE6E2E7DB6}"
EndProject
Project("{9A19103F-16F7-4668-BE54-9A1E7A4F7556}") = "Day02", "Day02\Day02.csproj", "{1F2DAAA6-7A7D-43AE-8D88-D53BAED5AAAF}"
EndProject
Project("{9A19103F-16F7-4668-BE54-9A1E7A4F7556}") = "Day03", "Day03\Day03.csproj", "{EF8978C1-8F7C-43C1-BDCE-4D489DFBF4FD}"
EndProject
Project("{9A19103F-16F7-4668-BE54-9A1E7A4F7556}") = "Day04", "Day04\Day04.csproj", "{AFE6D92F-75BC-4B30-899A-E54AC10F3F1C}"
EndProject
Project("{9A19103F-16F7-4668-BE54-9A1E7A4F7556}") = "Day05", "Day05\Day05.csproj", "{DBCD1244-0011-49F0-88B4-3B95975AE9D1}"
EndProject
Project("{9A19103F-16F7-4668-BE54-9A1E7A4F7556}") = "Day06", "Day06\Day06.csproj", "{1C0E4820-2597-4DEE-9FED-43A701D25F05}"
EndProject
Project("{9A19103F-16F7-4668-BE54-9A1E7A4F7556}") = "Day07", "Day07\Day07.csproj", "{20C885B5-F6F2-4779-966F-1D4ECE4FFAAD}"
EndProject
Project("{9A19103F-16F7-4668-BE54-9A1E7A4F7556}") = "Day08", "Day08\Day08.csproj", "{0A82C84D-478F-4272-8BF6-9F169EF868E3}"
EndProject
Project("{9A19103F-16F7-4668-BE54-9A1E7A4F7556}") = "Day09", "Day09\Day09.csproj", "{FD7B72B8-8AEC-4C73-B039-1D03D1D340E5}"
EndProject
Project("{9A19103F-16F7-4668-BE54-9A1E7A4F7556}") = "Day10", "Day10\Day10.csproj", "{E1B63322-C1F5-4FA8-B39A-ADD39567CD7F}"
EndProject
Project("{9A19103F-16F7-4668-BE54-9A1E7A4F7556}") = "Day11", "Day11\Day11.csproj", "{E82A36AB-D6E5-403A-AEE5-0864DB6B1360}"
EndProject
Project("{9A19103F-16F7-4668-BE54-9A1E7A4F7556}") = "Day12", "Day12\Day12.csproj", "{2923C9FC-A10B-4430-A093-B0912CA82806}"
EndProject
Project("{9A19103F-16F7-4668-BE54-9A1E7A4F7556}") = "Day13", "Day13\Day13.csproj", "{D15DCAA0-35F2-4427-BCA1-F1C274678521}"
EndProject
Project("{9A19103F-16F7-4668-BE54-9A1E7A4F7556}") = "Day14", "Day14\Day14.csproj", "{178304B4-154E-40E1-AF94-BD207DA6625D}"
EndProject
Global
	GlobalSection(SolutionConfigurationPlatforms) = preSolution
		Debug|Any CPU = Debug|Any CPU
		Release|Any CPU = Release|Any CPU
	EndGlobalSection
	GlobalSection(ProjectConfigurationPlatforms) = postSolution
		{BC0D0666-E380-4498-A346-76084E574FF9}.Debug|Any CPU.ActiveCfg = Debug|Any CPU
		{BC0D0666-E380-4498-A346-76084E574FF9}.Debug|Any CPU.Build.0 = Debug|Any CPU
		{BC0D0666-E380-4498-A346-76084E574FF9}.Release|Any CPU.ActiveCfg = Release|Any CPU
		{BC0D0666-E380-4498-A346-76084E574FF9}.Release|Any CPU.Build.0 = Release|Any CPU
		{AE6B2DC6-0FE9-46C2-9A52-AF9951989266}.Debug|Any CPU.ActiveCfg = Debug|Any CPU
		{AE6B2DC6-0FE9-46C2-9A52-AF9951989266}.Debug|Any CPU.Build.0 = Debug|Any CPU
		{AE6B2DC6-0FE9-46C2-9A52-AF9951989266}.Release|Any CPU.ActiveCfg = Release|Any CPU
		{AE6B2DC6-0FE9-46C2-9A52-AF9951989266}.Release|Any CPU.Build.0 = Release|Any CPU
		{85CABE8C-1992-4AA3-AA5A-FC418DEEFFAD}.Debug|Any CPU.ActiveCfg = Debug|Any CPU
		{85CABE8C-1992-4AA3-AA5A-FC418DEEFFAD}.Debug|Any CPU.Build.0 = Debug|Any CPU
		{85CABE8C-1992-4AA3-AA5A-FC418DEEFFAD}.Release|Any CPU.ActiveCfg = Release|Any CPU
		{85CABE8C-1992-4AA3-AA5A-FC418DEEFFAD}.Release|Any CPU.Build.0 = Release|Any CPU
		{E19257A2-5CF4-4551-ADC3-1F618F4E59CB}.Debug|Any CPU.ActiveCfg = Debug|Any CPU
		{E19257A2-5CF4-4551-ADC3-1F618F4E59CB}.Debug|Any CPU.Build.0 = Debug|Any CPU
		{E19257A2-5CF4-4551-ADC3-1F618F4E59CB}.Release|Any CPU.ActiveCfg = Release|Any CPU
		{E19257A2-5CF4-4551-ADC3-1F618F4E59CB}.Release|Any CPU.Build.0 = Release|Any CPU
		{1751B4F8-4F07-47BF-B855-FFD9E7F1151B}.Debug|Any CPU.ActiveCfg = Debug|Any CPU
		{1751B4F8-4F07-47BF-B855-FFD9E7F1151B}.Debug|Any CPU.Build.0 = Debug|Any CPU
		{1751B4F8-4F07-47BF-B855-FFD9E7F1151B}.Release|Any CPU.ActiveCfg = Release|Any CPU
		{1751B4F8-4F07-47BF-B855-FFD9E7F1151B}.Release|Any CPU.Build.0 = Release|Any CPU
		{63E6AE6C-8C5D-4BF7-867C-F9DF940BF653}.Debug|Any CPU.ActiveCfg = Debug|Any CPU
		{63E6AE6C-8C5D-4BF7-867C-F9DF940BF653}.Debug|Any CPU.Build.0 = Debug|Any CPU
		{63E6AE6C-8C5D-4BF7-867C-F9DF940BF653}.Release|Any CPU.ActiveCfg = Release|Any CPU
		{63E6AE6C-8C5D-4BF7-867C-F9DF940BF653}.Release|Any CPU.Build.0 = Release|Any CPU
		{75069987-60E2-43DD-A276-068984AE7511}.Debug|Any CPU.ActiveCfg = Debug|Any CPU
		{75069987-60E2-43DD-A276-068984AE7511}.Debug|Any CPU.Build.0 = Debug|Any CPU
		{75069987-60E2-43DD-A276-068984AE7511}.Release|Any CPU.ActiveCfg = Release|Any CPU
		{75069987-60E2-43DD-A276-068984AE7511}.Release|Any CPU.Build.0 = Release|Any CPU
		{80273563-539C-4166-B5EE-70A4E64BBD88}.Debug|Any CPU.ActiveCfg = Debug|Any CPU
		{80273563-539C-4166-B5EE-70A4E64BBD88}.Debug|Any CPU.Build.0 = Debug|Any CPU
		{80273563-539C-4166-B5EE-70A4E64BBD88}.Release|Any CPU.ActiveCfg = Release|Any CPU
		{80273563-539C-4166-B5EE-70A4E64BBD88}.Release|Any CPU.Build.0 = Release|Any CPU
		{8E91B749-5177-4A83-B5D9-DA1D2832A31A}.Debug|Any CPU.ActiveCfg = Debug|Any CPU
		{8E91B749-5177-4A83-B5D9-DA1D2832A31A}.Debug|Any CPU.Build.0 = Debug|Any CPU
		{8E91B749-5177-4A83-B5D9-DA1D2832A31A}.Release|Any CPU.ActiveCfg = Release|Any CPU
		{8E91B749-5177-4A83-B5D9-DA1D2832A31A}.Release|Any CPU.Build.0 = Release|Any CPU
		{764AD7B4-AE05-4962-BE30-39B2FECF53FD}.Debug|Any CPU.ActiveCfg = Debug|Any CPU
		{764AD7B4-AE05-4962-BE30-39B2FECF53FD}.Debug|Any CPU.Build.0 = Debug|Any CPU
		{764AD7B4-AE05-4962-BE30-39B2FECF53FD}.Release|Any CPU.ActiveCfg = Release|Any CPU
		{764AD7B4-AE05-4962-BE30-39B2FECF53FD}.Release|Any CPU.Build.0 = Release|Any CPU
		{7665CE90-0B43-4D71-86A7-2A631A2AD792}.Debug|Any CPU.ActiveCfg = Debug|Any CPU
		{7665CE90-0B43-4D71-86A7-2A631A2AD792}.Debug|Any CPU.Build.0 = Debug|Any CPU
		{7665CE90-0B43-4D71-86A7-2A631A2AD792}.Release|Any CPU.ActiveCfg = Release|Any CPU
		{7665CE90-0B43-4D71-86A7-2A631A2AD792}.Release|Any CPU.Build.0 = Release|Any CPU
		{5FF6607C-ADD9-443A-B893-CBDE6E2E7DB6}.Debug|Any CPU.ActiveCfg = Debug|Any CPU
		{5FF6607C-ADD9-443A-B893-CBDE6E2E7DB6}.Debug|Any CPU.Build.0 = Debug|Any CPU
		{5FF6607C-ADD9-443A-B893-CBDE6E2E7DB6}.Release|Any CPU.ActiveCfg = Release|Any CPU
		{5FF6607C-ADD9-443A-B893-CBDE6E2E7DB6}.Release|Any CPU.Build.0 = Release|Any CPU
		{1F2DAAA6-7A7D-43AE-8D88-D53BAED5AAAF}.Debug|Any CPU.ActiveCfg = Debug|Any CPU
		{1F2DAAA6-7A7D-43AE-8D88-D53BAED5AAAF}.Debug|Any CPU.Build.0 = Debug|Any CPU
		{1F2DAAA6-7A7D-43AE-8D88-D53BAED5AAAF}.Release|Any CPU.ActiveCfg = Release|Any CPU
		{1F2DAAA6-7A7D-43AE-8D88-D53BAED5AAAF}.Release|Any CPU.Build.0 = Release|Any CPU
		{EF8978C1-8F7C-43C1-BDCE-4D489DFBF4FD}.Debug|Any CPU.ActiveCfg = Debug|Any CPU
		{EF8978C1-8F7C-43C1-BDCE-4D489DFBF4FD}.Debug|Any CPU.Build.0 = Debug|Any CPU
		{EF8978C1-8F7C-43C1-BDCE-4D489DFBF4FD}.Release|Any CPU.ActiveCfg = Release|Any CPU
		{EF8978C1-8F7C-43C1-BDCE-4D489DFBF4FD}.Release|Any CPU.Build.0 = Release|Any CPU
		{AFE6D92F-75BC-4B30-899A-E54AC10F3F1C}.Debug|Any CPU.ActiveCfg = Debug|Any CPU
		{AFE6D92F-75BC-4B30-899A-E54AC10F3F1C}.Debug|Any CPU.Build.0 = Debug|Any CPU
		{AFE6D92F-75BC-4B30-899A-E54AC10F3F1C}.Release|Any CPU.ActiveCfg = Release|Any CPU
		{AFE6D92F-75BC-4B30-899A-E54AC10F3F1C}.Release|Any CPU.Build.0 = Release|Any CPU
		{DBCD1244-0011-49F0-88B4-3B95975AE9D1}.Debug|Any CPU.ActiveCfg = Debug|Any CPU
		{DBCD1244-0011-49F0-88B4-3B95975AE9D1}.Debug|Any CPU.Build.0 = Debug|Any CPU
		{DBCD1244-0011-49F0-88B4-3B95975AE9D1}.Release|Any CPU.ActiveCfg = Release|Any CPU
		{DBCD1244-0011-49F0-88B4-3B95975AE9D1}.Release|Any CPU.Build.0 = Release|Any CPU
		{1C0E4820-2597-4DEE-9FED-43A701D25F05}.Debug|Any CPU.ActiveCfg = Debug|Any CPU
		{1C0E4820-2597-4DEE-9FED-43A701D25F05}.Debug|Any CPU.Build.0 = Debug|Any CPU
		{1C0E4820-2597-4DEE-9FED-43A701D25F05}.Release|Any CPU.ActiveCfg = Release|Any CPU
		{1C0E4820-2597-4DEE-9FED-43A701D25F05}.Release|Any CPU.Build.0 = Release|Any CPU
		{20C885B5-F6F2-4779-966F-1D4ECE4FFAAD}.Debug|Any CPU.ActiveCfg = Debug|Any CPU
		{20C885B5-F6F2-4779-966F-1D4ECE4FFAAD}.Debug|Any CPU.Build.0 = Debug|Any CPU
		{20C885B5-F6F2-4779-966F-1D4ECE4FFAAD}.Release|Any CPU.ActiveCfg = Release|Any CPU
		{20C885B5-F6F2-4779-966F-1D4ECE4FFAAD}.Release|Any CPU.Build.0 = Release|Any CPU
		{0A82C84D-478F-4272-8BF6-9F169EF868E3}.Debug|Any CPU.ActiveCfg = Debug|Any CPU
		{0A82C84D-478F-4272-8BF6-9F169EF868E3}.Debug|Any CPU.Build.0 = Debug|Any CPU
		{0A82C84D-478F-4272-8BF6-9F169EF868E3}.Release|Any CPU.ActiveCfg = Release|Any CPU
		{0A82C84D-478F-4272-8BF6-9F169EF868E3}.Release|Any CPU.Build.0 = Release|Any CPU
		{FD7B72B8-8AEC-4C73-B039-1D03D1D340E5}.Debug|Any CPU.ActiveCfg = Debug|Any CPU
		{FD7B72B8-8AEC-4C73-B039-1D03D1D340E5}.Debug|Any CPU.Build.0 = Debug|Any CPU
		{FD7B72B8-8AEC-4C73-B039-1D03D1D340E5}.Release|Any CPU.ActiveCfg = Release|Any CPU
		{FD7B72B8-8AEC-4C73-B039-1D03D1D340E5}.Release|Any CPU.Build.0 = Release|Any CPU
		{E1B63322-C1F5-4FA8-B39A-ADD39567CD7F}.Debug|Any CPU.ActiveCfg = Debug|Any CPU
		{E1B63322-C1F5-4FA8-B39A-ADD39567CD7F}.Debug|Any CPU.Build.0 = Debug|Any CPU
		{E1B63322-C1F5-4FA8-B39A-ADD39567CD7F}.Release|Any CPU.ActiveCfg = Release|Any CPU
		{E1B63322-C1F5-4FA8-B39A-ADD39567CD7F}.Release|Any CPU.Build.0 = Release|Any CPU
		{E82A36AB-D6E5-403A-AEE5-0864DB6B1360}.Debug|Any CPU.ActiveCfg = Debug|Any CPU
		{E82A36AB-D6E5-403A-AEE5-0864DB6B1360}.Debug|Any CPU.Build.0 = Debug|Any CPU
		{E82A36AB-D6E5-403A-AEE5-0864DB6B1360}.Release|Any CPU.ActiveCfg = Release|Any CPU
		{E82A36AB-D6E5-403A-AEE5-0864DB6B1360}.Release|Any CPU.Build.0 = Release|Any CPU
		{2923C9FC-A10B-4430-A093-B0912CA82806}.Debug|Any CPU.ActiveCfg = Debug|Any CPU
		{2923C9FC-A10B-4430-A093-B0912CA82806}.Debug|Any CPU.Build.0 = Debug|Any CPU
		{2923C9FC-A10B-4430-A093-B0912CA82806}.Release|Any CPU.ActiveCfg = Release|Any CPU
		{2923C9FC-A10B-4430-A093-B0912CA82806}.Release|Any CPU.Build.0 = Release|Any CPU
		{D15DCAA0-35F2-4427-BCA1-F1C274678521}.Debug|Any CPU.ActiveCfg = Debug|Any CPU
		{D15DCAA0-35F2-4427-BCA1-F1C274678521}.Debug|Any CPU.Build.0 = Debug|Any CPU
		{D15DCAA0-35F2-4427-BCA1-F1C274678521}.Release|Any CPU.ActiveCfg = Release|Any CPU
		{D15DCAA0-35F2-4427-BCA1-F1C274678521}.Release|Any CPU.Build.0 = Release|Any CPU
		{178304B4-154E-40E1-AF94-BD207DA6625D}.Debug|Any CPU.ActiveCfg = Debug|Any CPU
		{178304B4-154E-40E1-AF94-BD207DA6625D}.Debug|Any CPU.Build.0 = Debug|Any CPU
		{178304B4-154E-40E1-AF94-BD207DA6625D}.Release|Any CPU.ActiveCfg = Release|Any CPU
		{178304B4-154E-40E1-AF94-BD207DA6625D}.Release|Any CPU.Build.0 = Release|Any CPU
	EndGlobalSection
	GlobalSection(SolutionProperties) = preSolution
		HideSolutionNode = FALSE
	EndGlobalSection
	GlobalSection(ExtensibilityGlobals) = postSolution
		SolutionGuid = {5C6E42AE-4970-4A07-9A44-598A4F7C62D2}
	EndGlobalSection
EndGlobal
